
Microsoft Visual Studio Solution File, Format Version 12.00
# Visual Studio 15
VisualStudioVersion = 15.0.28010.2048
MinimumVisualStudioVersion = 10.0.40219.1
Project("{FAE04EC0-301F-11D3-BF4B-00C04F79EFBC}") = "WindowsFormsApp1", "WindowsFormsApp1\WindowsFormsApp1.csproj", "{4B081952-F892-4056-BF50-AB4DA1E254FF}"
EndProject
Global
	GlobalSection(SolutionConfigurationPlatforms) = preSolution
		Debug|Any CPU = Debug|Any CPU
		Release|Any CPU = Release|Any CPU
	EndGlobalSection
	GlobalSection(ProjectConfigurationPlatforms) = postSolution
		{4B081952-F892-4056-BF50-AB4DA1E254FF}.Debug|Any CPU.ActiveCfg = Debug|Any CPU
		{4B081952-F892-4056-BF50-AB4DA1E254FF}.Debug|Any CPU.Build.0 = Debug|Any CPU
		{4B081952-F892-4056-BF50-AB4DA1E254FF}.Release|Any CPU.ActiveCfg = Release|Any CPU
		{4B081952-F892-4056-BF50-AB4DA1E254FF}.Release|Any CPU.Build.0 = Release|Any CPU
	EndGlobalSection
	GlobalSection(SolutionProperties) = preSolution
		HideSolutionNode = FALSE
	EndGlobalSection
	GlobalSection(ExtensibilityGlobals) = postSolution
		SolutionGuid = {EC9EA567-EAFE-4E31-8C80-BF9512A2D8A3}
	EndGlobalSection
EndGlobal
